
Microsoft Visual Studio Solution File, Format Version 12.00
# Visual Studio Version 16
VisualStudioVersion = 16.0.34407.143
MinimumVisualStudioVersion = 10.0.40219.1
Project("{FAE04EC0-301F-11D3-BF4B-00C04F79EFBC}") = "Assembly-CSharp", "Assembly-CSharp.csproj", "{2F4507E9-5D4D-7A48-7C4D-3CEDB0F7AEA0}"
EndProject
Project("{FAE04EC0-301F-11D3-BF4B-00C04F79EFBC}") = "Assembly-CSharp-Editor", "Assembly-CSharp-Editor.csproj", "{3445684B-9253-4CF6-A889-7E55E232DBE2}"
EndProject
Global
	GlobalSection(SolutionConfigurationPlatforms) = preSolution
		Debug|Any CPU = Debug|Any CPU
		Release|Any CPU = Release|Any CPU
	EndGlobalSection
	GlobalSection(ProjectConfigurationPlatforms) = postSolution
		{2F4507E9-5D4D-7A48-7C4D-3CEDB0F7AEA0}.Debug|Any CPU.ActiveCfg = Debug|Any CPU
		{2F4507E9-5D4D-7A48-7C4D-3CEDB0F7AEA0}.Debug|Any CPU.Build.0 = Debug|Any CPU
		{2F4507E9-5D4D-7A48-7C4D-3CEDB0F7AEA0}.Release|Any CPU.ActiveCfg = Release|Any CPU
		{2F4507E9-5D4D-7A48-7C4D-3CEDB0F7AEA0}.Release|Any CPU.Build.0 = Release|Any CPU
		{3445684B-9253-4CF6-A889-7E55E232DBE2}.Debug|Any CPU.ActiveCfg = Debug|Any CPU
		{3445684B-9253-4CF6-A889-7E55E232DBE2}.Debug|Any CPU.Build.0 = Debug|Any CPU
		{3445684B-9253-4CF6-A889-7E55E232DBE2}.Release|Any CPU.ActiveCfg = Release|Any CPU
		{3445684B-9253-4CF6-A889-7E55E232DBE2}.Release|Any CPU.Build.0 = Release|Any CPU
	EndGlobalSection
	GlobalSection(SolutionProperties) = preSolution
		HideSolutionNode = FALSE
	EndGlobalSection
	GlobalSection(ExtensibilityGlobals) = postSolution
		SolutionGuid = {55C7F84A-4291-4640-BC73-8C692D4A87C2}
	EndGlobalSection
EndGlobal
